
Microsoft Visual Studio Solution File, Format Version 12.00
# Visual Studio Version 17
VisualStudioVersion = 17.8.34330.188
MinimumVisualStudioVersion = 10.0.40219.1
Project("{FAE04EC0-301F-11D3-BF4B-00C04F79EFBC}") = "ObjectOrientedPractics", "ObjectOrientedPractics\ObjectOrientedPractics.csproj", "{FAAEE553-753A-4B65-B0CE-E1A9241C5E2B}"
EndProject
Global
	GlobalSection(SolutionConfigurationPlatforms) = preSolution
		Debug|Any CPU = Debug|Any CPU
		Release|Any CPU = Release|Any CPU
	EndGlobalSection
	GlobalSection(ProjectConfigurationPlatforms) = postSolution
		{FAAEE553-753A-4B65-B0CE-E1A9241C5E2B}.Debug|Any CPU.ActiveCfg = Debug|Any CPU
		{FAAEE553-753A-4B65-B0CE-E1A9241C5E2B}.Debug|Any CPU.Build.0 = Debug|Any CPU
		{FAAEE553-753A-4B65-B0CE-E1A9241C5E2B}.Release|Any CPU.ActiveCfg = Release|Any CPU
		{FAAEE553-753A-4B65-B0CE-E1A9241C5E2B}.Release|Any CPU.Build.0 = Release|Any CPU
	EndGlobalSection
	GlobalSection(SolutionProperties) = preSolution
		HideSolutionNode = FALSE
	EndGlobalSection
	GlobalSection(ExtensibilityGlobals) = postSolution
		SolutionGuid = {B49A322A-5586-4888-9466-D0C847C60B85}
	EndGlobalSection
EndGlobal
